
Microsoft Visual Studio Solution File, Format Version 12.00
# Visual Studio 15
VisualStudioVersion = 15.0.26730.10
MinimumVisualStudioVersion = 10.0.40219.1
Project("{E24C65DC-7377-472B-9ABA-BC803B73C61A}") = "Nemak-Trading-Website", ".", "{76BA7C34-8A32-43CE-B59D-CE62230F0F18}"
	ProjectSection(WebsiteProperties) = preProject
		TargetFrameworkMoniker = ".NETFramework,Version%3Dv4.6.1"
		Debug.AspNetCompiler.VirtualPath = "/localhost_49240"
		Debug.AspNetCompiler.PhysicalPath = "..\Nemak-Trading-Website\"
		Debug.AspNetCompiler.TargetPath = "PrecompiledWeb\localhost_49240\"
		Debug.AspNetCompiler.Updateable = "true"
		Debug.AspNetCompiler.ForceOverwrite = "true"
		Debug.AspNetCompiler.FixedNames = "false"
		Debug.AspNetCompiler.Debug = "True"
		Release.AspNetCompiler.VirtualPath = "/localhost_49240"
		Release.AspNetCompiler.PhysicalPath = "..\Nemak-Trading-Website\"
		Release.AspNetCompiler.TargetPath = "PrecompiledWeb\localhost_49240\"
		Release.AspNetCompiler.Updateable = "true"
		Release.AspNetCompiler.ForceOverwrite = "true"
		Release.AspNetCompiler.FixedNames = "false"
		Release.AspNetCompiler.Debug = "False"
		VWDPort = "49240"
		SlnRelativePath = "..\Nemak-Trading-Website\"
	EndProjectSection
EndProject
Global
	GlobalSection(SolutionConfigurationPlatforms) = preSolution
		Debug|Any CPU = Debug|Any CPU
	EndGlobalSection
	GlobalSection(ProjectConfigurationPlatforms) = postSolution
		{76BA7C34-8A32-43CE-B59D-CE62230F0F18}.Debug|Any CPU.ActiveCfg = Debug|Any CPU
		{76BA7C34-8A32-43CE-B59D-CE62230F0F18}.Debug|Any CPU.Build.0 = Debug|Any CPU
	EndGlobalSection
	GlobalSection(SolutionProperties) = preSolution
		HideSolutionNode = FALSE
	EndGlobalSection
	GlobalSection(ExtensibilityGlobals) = postSolution
		SolutionGuid = {9DF16B31-34E5-44B3-B388-92D2FDE549F8}
	EndGlobalSection
EndGlobal
